
Microsoft Visual Studio Solution File, Format Version 12.00
# Visual Studio Version 17
VisualStudioVersion = 17.14.36414.22
MinimumVisualStudioVersion = 10.0.40219.1
Project("{FAE04EC0-301F-11D3-BF4B-00C04F79EFBC}") = "LanaKaraokeBar_ConceptionWPF", "LanaKaraokeBar_ConceptionWPF\LanaKaraokeBar_ConceptionWPF.csproj", "{AF2AC6BC-6714-4D25-A895-3CE6897BE771}"
EndProject
Project("{FAE04EC0-301F-11D3-BF4B-00C04F79EFBC}") = "LanaKaraokeBar_DataBaseApi", "LanaKaraokeBar_DataBaseApi\LanaKaraokeBar_DataBaseApi.csproj", "{94B638C9-484E-4770-8211-C3DB3FCF0115}"
EndProject
Project("{FAE04EC0-301F-11D3-BF4B-00C04F79EFBC}") = "LanaKaraokeBar_TvWpf", "LanaKaraokeBar_TvWpf\LanaKaraokeBar_TvWpf.csproj", "{EA8E3E3D-88FF-4D94-AD40-D666EFD2F07A}"
EndProject
Global
	GlobalSection(SolutionConfigurationPlatforms) = preSolution
		Debug|Any CPU = Debug|Any CPU
		Debug|x64 = Debug|x64
		Debug|x86 = Debug|x86
		Release|Any CPU = Release|Any CPU
		Release|x64 = Release|x64
		Release|x86 = Release|x86
	EndGlobalSection
	GlobalSection(ProjectConfigurationPlatforms) = postSolution
		{AF2AC6BC-6714-4D25-A895-3CE6897BE771}.Debug|Any CPU.ActiveCfg = Debug|Any CPU
		{AF2AC6BC-6714-4D25-A895-3CE6897BE771}.Debug|Any CPU.Build.0 = Debug|Any CPU
		{AF2AC6BC-6714-4D25-A895-3CE6897BE771}.Debug|x64.ActiveCfg = Debug|Any CPU
		{AF2AC6BC-6714-4D25-A895-3CE6897BE771}.Debug|x64.Build.0 = Debug|Any CPU
		{AF2AC6BC-6714-4D25-A895-3CE6897BE771}.Debug|x86.ActiveCfg = Debug|Any CPU
		{AF2AC6BC-6714-4D25-A895-3CE6897BE771}.Debug|x86.Build.0 = Debug|Any CPU
		{AF2AC6BC-6714-4D25-A895-3CE6897BE771}.Release|Any CPU.ActiveCfg = Release|Any CPU
		{AF2AC6BC-6714-4D25-A895-3CE6897BE771}.Release|Any CPU.Build.0 = Release|Any CPU
		{AF2AC6BC-6714-4D25-A895-3CE6897BE771}.Release|x64.ActiveCfg = Release|Any CPU
		{AF2AC6BC-6714-4D25-A895-3CE6897BE771}.Release|x64.Build.0 = Release|Any CPU
		{AF2AC6BC-6714-4D25-A895-3CE6897BE771}.Release|x86.ActiveCfg = Release|Any CPU
		{AF2AC6BC-6714-4D25-A895-3CE6897BE771}.Release|x86.Build.0 = Release|Any CPU
		{94B638C9-484E-4770-8211-C3DB3FCF0115}.Debug|Any CPU.ActiveCfg = Debug|Any CPU
		{94B638C9-484E-4770-8211-C3DB3FCF0115}.Debug|Any CPU.Build.0 = Debug|Any CPU
		{94B638C9-484E-4770-8211-C3DB3FCF0115}.Debug|x64.ActiveCfg = Debug|Any CPU
		{94B638C9-484E-4770-8211-C3DB3FCF0115}.Debug|x64.Build.0 = Debug|Any CPU
		{94B638C9-484E-4770-8211-C3DB3FCF0115}.Debug|x86.ActiveCfg = Debug|Any CPU
		{94B638C9-484E-4770-8211-C3DB3FCF0115}.Debug|x86.Build.0 = Debug|Any CPU
		{94B638C9-484E-4770-8211-C3DB3FCF0115}.Release|Any CPU.ActiveCfg = Release|Any CPU
		{94B638C9-484E-4770-8211-C3DB3FCF0115}.Release|Any CPU.Build.0 = Release|Any CPU
		{94B638C9-484E-4770-8211-C3DB3FCF0115}.Release|x64.ActiveCfg = Release|Any CPU
		{94B638C9-484E-4770-8211-C3DB3FCF0115}.Release|x64.Build.0 = Release|Any CPU
		{94B638C9-484E-4770-8211-C3DB3FCF0115}.Release|x86.ActiveCfg = Release|Any CPU
		{94B638C9-484E-4770-8211-C3DB3FCF0115}.Release|x86.Build.0 = Release|Any CPU
		{EA8E3E3D-88FF-4D94-AD40-D666EFD2F07A}.Debug|Any CPU.ActiveCfg = Debug|Any CPU
		{EA8E3E3D-88FF-4D94-AD40-D666EFD2F07A}.Debug|Any CPU.Build.0 = Debug|Any CPU
		{EA8E3E3D-88FF-4D94-AD40-D666EFD2F07A}.Debug|x64.ActiveCfg = Debug|Any CPU
		{EA8E3E3D-88FF-4D94-AD40-D666EFD2F07A}.Debug|x64.Build.0 = Debug|Any CPU
		{EA8E3E3D-88FF-4D94-AD40-D666EFD2F07A}.Debug|x86.ActiveCfg = Debug|Any CPU
		{EA8E3E3D-88FF-4D94-AD40-D666EFD2F07A}.Debug|x86.Build.0 = Debug|Any CPU
		{EA8E3E3D-88FF-4D94-AD40-D666EFD2F07A}.Release|Any CPU.ActiveCfg = Release|Any CPU
		{EA8E3E3D-88FF-4D94-AD40-D666EFD2F07A}.Release|Any CPU.Build.0 = Release|Any CPU
		{EA8E3E3D-88FF-4D94-AD40-D666EFD2F07A}.Release|x64.ActiveCfg = Release|Any CPU
		{EA8E3E3D-88FF-4D94-AD40-D666EFD2F07A}.Release|x64.Build.0 = Release|Any CPU
		{EA8E3E3D-88FF-4D94-AD40-D666EFD2F07A}.Release|x86.ActiveCfg = Release|Any CPU
		{EA8E3E3D-88FF-4D94-AD40-D666EFD2F07A}.Release|x86.Build.0 = Release|Any CPU
	EndGlobalSection
	GlobalSection(SolutionProperties) = preSolution
		HideSolutionNode = FALSE
	EndGlobalSection
	GlobalSection(ExtensibilityGlobals) = postSolution
		SolutionGuid = {31E81D20-C83C-46F8-9AD0-6FE9775DB5FF}
	EndGlobalSection
EndGlobal
